
Microsoft Visual Studio Solution File, Format Version 12.00
# Visual Studio 2013
VisualStudioVersion = 12.0.31101.0
MinimumVisualStudioVersion = 10.0.40219.1
Project("{FAE04EC0-301F-11D3-BF4B-00C04F79EFBC}") = "ExebotDev", "ExebotDev\ExebotDev.csproj", "{36909E96-0E5B-4B4D-8391-F244E61140BA}"
EndProject
Project("{2150E333-8FDC-42A3-9474-1A3956D46DE8}") = "demo", "demo", "{9A355F1A-7585-450A-8AF9-92B48444784C}"
EndProject
Project("{E24C65DC-7377-472B-9ABA-BC803B73C61A}") = "CreativeGooeyEffects", "http://localhost:40549", "{CBFF1D01-F4CA-4606-8D0F-0D09DCE482D0}"
	ProjectSection(WebsiteProperties) = preProject
		UseIISExpress = "true"
		TargetFrameworkMoniker = ".NETFramework,Version%3Dv4.0"
		Debug.AspNetCompiler.VirtualPath = "/localhost_40549"
		Debug.AspNetCompiler.PhysicalPath = "..\..\CreativeGooeyEffects\CreativeGooeyEffects\"
		Debug.AspNetCompiler.TargetPath = "PrecompiledWeb\localhost_40549\"
		Debug.AspNetCompiler.Updateable = "true"
		Debug.AspNetCompiler.ForceOverwrite = "true"
		Debug.AspNetCompiler.FixedNames = "false"
		Debug.AspNetCompiler.Debug = "True"
		Release.AspNetCompiler.VirtualPath = "/localhost_40549"
		Release.AspNetCompiler.PhysicalPath = "..\..\CreativeGooeyEffects\CreativeGooeyEffects\"
		Release.AspNetCompiler.TargetPath = "PrecompiledWeb\localhost_40549\"
		Release.AspNetCompiler.Updateable = "true"
		Release.AspNetCompiler.ForceOverwrite = "true"
		Release.AspNetCompiler.FixedNames = "false"
		Release.AspNetCompiler.Debug = "False"
		SlnRelativePath = "..\..\CreativeGooeyEffects\CreativeGooeyEffects\"
	EndProjectSection
EndProject
Global
	GlobalSection(SolutionConfigurationPlatforms) = preSolution
		Debug|Any CPU = Debug|Any CPU
		Release|Any CPU = Release|Any CPU
	EndGlobalSection
	GlobalSection(ProjectConfigurationPlatforms) = postSolution
		{36909E96-0E5B-4B4D-8391-F244E61140BA}.Debug|Any CPU.ActiveCfg = Debug|Any CPU
		{36909E96-0E5B-4B4D-8391-F244E61140BA}.Debug|Any CPU.Build.0 = Debug|Any CPU
		{36909E96-0E5B-4B4D-8391-F244E61140BA}.Release|Any CPU.ActiveCfg = Release|Any CPU
		{36909E96-0E5B-4B4D-8391-F244E61140BA}.Release|Any CPU.Build.0 = Release|Any CPU
		{CBFF1D01-F4CA-4606-8D0F-0D09DCE482D0}.Debug|Any CPU.ActiveCfg = Debug|Any CPU
		{CBFF1D01-F4CA-4606-8D0F-0D09DCE482D0}.Debug|Any CPU.Build.0 = Debug|Any CPU
		{CBFF1D01-F4CA-4606-8D0F-0D09DCE482D0}.Release|Any CPU.ActiveCfg = Debug|Any CPU
		{CBFF1D01-F4CA-4606-8D0F-0D09DCE482D0}.Release|Any CPU.Build.0 = Debug|Any CPU
	EndGlobalSection
	GlobalSection(SolutionProperties) = preSolution
		HideSolutionNode = FALSE
	EndGlobalSection
EndGlobal
